
Microsoft Visual Studio Solution File, Format Version 12.00
Project("{FAE04EC0-301F-11D3-BF4B-00C04F79EFBC}") = "Serilog.Sinks.Grafana.Loki", "src\Serilog.Sinks.Grafana.Loki\Serilog.Sinks.Grafana.Loki.csproj", "{1CAF37E1-C6DC-4F85-BB18-45258C687399}"
EndProject
Project("{FAE04EC0-301F-11D3-BF4B-00C04F79EFBC}") = "Serilog.Sinks.Grafana.Loki.Sample", "sample\Serilog.Sinks.Grafana.Loki.Sample\Serilog.Sinks.Grafana.Loki.Sample.csproj", "{C68CA6F0-ED85-47B3-9104-081714636E99}"
EndProject
Project("{FAE04EC0-301F-11D3-BF4B-00C04F79EFBC}") = "Serilog.Sinks.Grafana.Loki.SampleWebApp", "sample\Serilog.Sinks.Grafana.Loki.SampleWebApp\Serilog.Sinks.Grafana.Loki.SampleWebApp.csproj", "{B9595C59-5AC1-48EE-8CB8-0BF7BA48DC11}"
EndProject
Project("{FAE04EC0-301F-11D3-BF4B-00C04F79EFBC}") = "Serilog.Sinks.Grafana.Loki.Tests", "test\Serilog.Sinks.Grafana.Loki.Tests\Serilog.Sinks.Grafana.Loki.Tests.csproj", "{A6934A4D-82E8-4FD7-A693-E306207A1595}"
EndProject
Global
	GlobalSection(SolutionConfigurationPlatforms) = preSolution
		Debug|Any CPU = Debug|Any CPU
		Release|Any CPU = Release|Any CPU
	EndGlobalSection
	GlobalSection(ProjectConfigurationPlatforms) = postSolution
		{1CAF37E1-C6DC-4F85-BB18-45258C687399}.Debug|Any CPU.ActiveCfg = Debug|Any CPU
		{1CAF37E1-C6DC-4F85-BB18-45258C687399}.Debug|Any CPU.Build.0 = Debug|Any CPU
		{1CAF37E1-C6DC-4F85-BB18-45258C687399}.Release|Any CPU.ActiveCfg = Release|Any CPU
		{1CAF37E1-C6DC-4F85-BB18-45258C687399}.Release|Any CPU.Build.0 = Release|Any CPU
		{C68CA6F0-ED85-47B3-9104-081714636E99}.Debug|Any CPU.ActiveCfg = Debug|Any CPU
		{C68CA6F0-ED85-47B3-9104-081714636E99}.Debug|Any CPU.Build.0 = Debug|Any CPU
		{C68CA6F0-ED85-47B3-9104-081714636E99}.Release|Any CPU.ActiveCfg = Release|Any CPU
		{C68CA6F0-ED85-47B3-9104-081714636E99}.Release|Any CPU.Build.0 = Release|Any CPU
		{B9595C59-5AC1-48EE-8CB8-0BF7BA48DC11}.Debug|Any CPU.ActiveCfg = Debug|Any CPU
		{B9595C59-5AC1-48EE-8CB8-0BF7BA48DC11}.Debug|Any CPU.Build.0 = Debug|Any CPU
		{B9595C59-5AC1-48EE-8CB8-0BF7BA48DC11}.Release|Any CPU.ActiveCfg = Release|Any CPU
		{B9595C59-5AC1-48EE-8CB8-0BF7BA48DC11}.Release|Any CPU.Build.0 = Release|Any CPU
		{A6934A4D-82E8-4FD7-A693-E306207A1595}.Debug|Any CPU.ActiveCfg = Debug|Any CPU
		{A6934A4D-82E8-4FD7-A693-E306207A1595}.Debug|Any CPU.Build.0 = Debug|Any CPU
		{A6934A4D-82E8-4FD7-A693-E306207A1595}.Release|Any CPU.ActiveCfg = Release|Any CPU
		{A6934A4D-82E8-4FD7-A693-E306207A1595}.Release|Any CPU.Build.0 = Release|Any CPU
	EndGlobalSection
EndGlobal
